
Microsoft Visual Studio Solution File, Format Version 12.00
# Visual Studio Version 17
VisualStudioVersion = 17.10.35027.167
MinimumVisualStudioVersion = 10.0.40219.1
Project("{2150E333-8FDC-42A3-9474-1A3956D46DE8}") = "Src", "Src", "{EBEA7066-7112-4ACE-B810-95230BC0FEBE}"
EndProject
Project("{9A19103F-16F7-4668-BE54-9A1E7A4F7556}") = "UMS.Common", "UMS.Common\UMS.Common.csproj", "{675FEA4B-4BB1-413F-AF4A-0E95FE373A7C}"
EndProject
Project("{9A19103F-16F7-4668-BE54-9A1E7A4F7556}") = "UMS.Application", "UMS.Application\UMS.Application.csproj", "{26CF267B-92D1-4CAF-B97F-0B387AC41D24}"
EndProject
Project("{9A19103F-16F7-4668-BE54-9A1E7A4F7556}") = "UMS.Domain", "UMS.Domain\UMS.Domain.csproj", "{8B9E2B62-D8BF-486C-82C9-45A31AC62803}"
EndProject
Project("{9A19103F-16F7-4668-BE54-9A1E7A4F7556}") = "UMS.Infrastructure", "UMS.Infrastructure\UMS.Infrastructure.csproj", "{57345A06-D239-4408-98EE-C0345128CCA5}"
EndProject
Project("{9A19103F-16F7-4668-BE54-9A1E7A4F7556}") = "UMS.Persistence", "UMS.Persistence\UMS.Persistence.csproj", "{7EFECC95-1C8B-4B60-8238-F0A9401BFCCD}"
EndProject
Project("{9A19103F-16F7-4668-BE54-9A1E7A4F7556}") = "UMS.API", "UMS.API\UMS.API.csproj", "{9B4C8AB1-1307-4F34-B73F-83127813CD99}"
EndProject
Project("{2150E333-8FDC-42A3-9474-1A3956D46DE8}") = "Core", "Core", "{EB1562EA-A62B-4177-B62B-5140F7806E2C}"
EndProject
Project("{2150E333-8FDC-42A3-9474-1A3956D46DE8}") = "Common", "Common", "{0CC862DD-34E9-4FA0-BE11-4EB3E6082418}"
EndProject
Project("{2150E333-8FDC-42A3-9474-1A3956D46DE8}") = "Infra", "Infra", "{3115C2B8-4F7E-4AF5-8E89-87736F9808F1}"
EndProject
Project("{2150E333-8FDC-42A3-9474-1A3956D46DE8}") = "Presentation", "Presentation", "{79D2B037-95C6-47CC-96C8-5FFCE90738B6}"
EndProject
Global
	GlobalSection(SolutionConfigurationPlatforms) = preSolution
		Debug|Any CPU = Debug|Any CPU
		Release|Any CPU = Release|Any CPU
	EndGlobalSection
	GlobalSection(ProjectConfigurationPlatforms) = postSolution
		{675FEA4B-4BB1-413F-AF4A-0E95FE373A7C}.Debug|Any CPU.ActiveCfg = Debug|Any CPU
		{675FEA4B-4BB1-413F-AF4A-0E95FE373A7C}.Debug|Any CPU.Build.0 = Debug|Any CPU
		{675FEA4B-4BB1-413F-AF4A-0E95FE373A7C}.Release|Any CPU.ActiveCfg = Release|Any CPU
		{675FEA4B-4BB1-413F-AF4A-0E95FE373A7C}.Release|Any CPU.Build.0 = Release|Any CPU
		{26CF267B-92D1-4CAF-B97F-0B387AC41D24}.Debug|Any CPU.ActiveCfg = Debug|Any CPU
		{26CF267B-92D1-4CAF-B97F-0B387AC41D24}.Debug|Any CPU.Build.0 = Debug|Any CPU
		{26CF267B-92D1-4CAF-B97F-0B387AC41D24}.Release|Any CPU.ActiveCfg = Release|Any CPU
		{26CF267B-92D1-4CAF-B97F-0B387AC41D24}.Release|Any CPU.Build.0 = Release|Any CPU
		{8B9E2B62-D8BF-486C-82C9-45A31AC62803}.Debug|Any CPU.ActiveCfg = Debug|Any CPU
		{8B9E2B62-D8BF-486C-82C9-45A31AC62803}.Debug|Any CPU.Build.0 = Debug|Any CPU
		{8B9E2B62-D8BF-486C-82C9-45A31AC62803}.Release|Any CPU.ActiveCfg = Release|Any CPU
		{8B9E2B62-D8BF-486C-82C9-45A31AC62803}.Release|Any CPU.Build.0 = Release|Any CPU
		{57345A06-D239-4408-98EE-C0345128CCA5}.Debug|Any CPU.ActiveCfg = Debug|Any CPU
		{57345A06-D239-4408-98EE-C0345128CCA5}.Debug|Any CPU.Build.0 = Debug|Any CPU
		{57345A06-D239-4408-98EE-C0345128CCA5}.Release|Any CPU.ActiveCfg = Release|Any CPU
		{57345A06-D239-4408-98EE-C0345128CCA5}.Release|Any CPU.Build.0 = Release|Any CPU
		{7EFECC95-1C8B-4B60-8238-F0A9401BFCCD}.Debug|Any CPU.ActiveCfg = Debug|Any CPU
		{7EFECC95-1C8B-4B60-8238-F0A9401BFCCD}.Debug|Any CPU.Build.0 = Debug|Any CPU
		{7EFECC95-1C8B-4B60-8238-F0A9401BFCCD}.Release|Any CPU.ActiveCfg = Release|Any CPU
		{7EFECC95-1C8B-4B60-8238-F0A9401BFCCD}.Release|Any CPU.Build.0 = Release|Any CPU
		{9B4C8AB1-1307-4F34-B73F-83127813CD99}.Debug|Any CPU.ActiveCfg = Debug|Any CPU
		{9B4C8AB1-1307-4F34-B73F-83127813CD99}.Debug|Any CPU.Build.0 = Debug|Any CPU
		{9B4C8AB1-1307-4F34-B73F-83127813CD99}.Release|Any CPU.ActiveCfg = Release|Any CPU
		{9B4C8AB1-1307-4F34-B73F-83127813CD99}.Release|Any CPU.Build.0 = Release|Any CPU
	EndGlobalSection
	GlobalSection(SolutionProperties) = preSolution
		HideSolutionNode = FALSE
	EndGlobalSection
	GlobalSection(NestedProjects) = preSolution
		{675FEA4B-4BB1-413F-AF4A-0E95FE373A7C} = {0CC862DD-34E9-4FA0-BE11-4EB3E6082418}
		{26CF267B-92D1-4CAF-B97F-0B387AC41D24} = {EB1562EA-A62B-4177-B62B-5140F7806E2C}
		{8B9E2B62-D8BF-486C-82C9-45A31AC62803} = {EB1562EA-A62B-4177-B62B-5140F7806E2C}
		{57345A06-D239-4408-98EE-C0345128CCA5} = {3115C2B8-4F7E-4AF5-8E89-87736F9808F1}
		{7EFECC95-1C8B-4B60-8238-F0A9401BFCCD} = {3115C2B8-4F7E-4AF5-8E89-87736F9808F1}
		{9B4C8AB1-1307-4F34-B73F-83127813CD99} = {79D2B037-95C6-47CC-96C8-5FFCE90738B6}
		{EB1562EA-A62B-4177-B62B-5140F7806E2C} = {EBEA7066-7112-4ACE-B810-95230BC0FEBE}
		{0CC862DD-34E9-4FA0-BE11-4EB3E6082418} = {EBEA7066-7112-4ACE-B810-95230BC0FEBE}
		{3115C2B8-4F7E-4AF5-8E89-87736F9808F1} = {EBEA7066-7112-4ACE-B810-95230BC0FEBE}
		{79D2B037-95C6-47CC-96C8-5FFCE90738B6} = {EBEA7066-7112-4ACE-B810-95230BC0FEBE}
	EndGlobalSection
	GlobalSection(ExtensibilityGlobals) = postSolution
		SolutionGuid = {9FBDD8C9-1A12-4CBC-9E0D-5A37DB90D20A}
	EndGlobalSection
EndGlobal
