
Microsoft Visual Studio Solution File, Format Version 12.00
Project("{2150E333-8FDC-42A3-9474-1A3956D46DE8}") = "Src", "Src", "{EBEA7066-7112-4ACE-B810-95230BC0FEBE}"
EndProject
Project("{2150E333-8FDC-42A3-9474-1A3956D46DE8}") = "Common", "Common", "{F5468ACF-75D9-4029-8780-7CC6EC33F713}"
EndProject
Project("{2150E333-8FDC-42A3-9474-1A3956D46DE8}") = "Core", "Core", "{1FE5B92B-6786-4494-98C0-40302D328638}"
EndProject
Project("{2150E333-8FDC-42A3-9474-1A3956D46DE8}") = "Infrastructure", "Infrastructure", "{B0C836F0-FED0-4683-B5BF-6458980B36EB}"
EndProject
Project("{2150E333-8FDC-42A3-9474-1A3956D46DE8}") = "Presentation", "Presentation", "{8689C87F-C3E6-4CAF-B2E9-D8F833463D0B}"
EndProject
Project("{FAE04EC0-301F-11D3-BF4B-00C04F79EFBC}") = "UMS.Common", "UMS.Common\UMS.Common.csproj", "{675FEA4B-4BB1-413F-AF4A-0E95FE373A7C}"
EndProject
Project("{FAE04EC0-301F-11D3-BF4B-00C04F79EFBC}") = "UMS.Application", "UMS.Application\UMS.Application.csproj", "{26CF267B-92D1-4CAF-B97F-0B387AC41D24}"
EndProject
Project("{FAE04EC0-301F-11D3-BF4B-00C04F79EFBC}") = "UMS.Domain", "UMS.Domain\UMS.Domain.csproj", "{8B9E2B62-D8BF-486C-82C9-45A31AC62803}"
EndProject
Project("{FAE04EC0-301F-11D3-BF4B-00C04F79EFBC}") = "UMS.Infrastructure", "UMS.Infrastructure\UMS.Infrastructure.csproj", "{57345A06-D239-4408-98EE-C0345128CCA5}"
EndProject
Project("{FAE04EC0-301F-11D3-BF4B-00C04F79EFBC}") = "UMS.Persistence", "UMS.Persistence\UMS.Persistence.csproj", "{7EFECC95-1C8B-4B60-8238-F0A9401BFCCD}"
EndProject
Project("{FAE04EC0-301F-11D3-BF4B-00C04F79EFBC}") = "UMS.API", "UMS.API\UMS.API.csproj", "{9B4C8AB1-1307-4F34-B73F-83127813CD99}"
EndProject
Global
	GlobalSection(SolutionConfigurationPlatforms) = preSolution
		Debug|Any CPU = Debug|Any CPU
		Release|Any CPU = Release|Any CPU
	EndGlobalSection
	GlobalSection(NestedProjects) = preSolution
		{F5468ACF-75D9-4029-8780-7CC6EC33F713} = {EBEA7066-7112-4ACE-B810-95230BC0FEBE}
		{1FE5B92B-6786-4494-98C0-40302D328638} = {EBEA7066-7112-4ACE-B810-95230BC0FEBE}
		{B0C836F0-FED0-4683-B5BF-6458980B36EB} = {EBEA7066-7112-4ACE-B810-95230BC0FEBE}
		{8689C87F-C3E6-4CAF-B2E9-D8F833463D0B} = {EBEA7066-7112-4ACE-B810-95230BC0FEBE}
		{675FEA4B-4BB1-413F-AF4A-0E95FE373A7C} = {F5468ACF-75D9-4029-8780-7CC6EC33F713}
		{26CF267B-92D1-4CAF-B97F-0B387AC41D24} = {1FE5B92B-6786-4494-98C0-40302D328638}
		{8B9E2B62-D8BF-486C-82C9-45A31AC62803} = {1FE5B92B-6786-4494-98C0-40302D328638}
		{57345A06-D239-4408-98EE-C0345128CCA5} = {B0C836F0-FED0-4683-B5BF-6458980B36EB}
		{7EFECC95-1C8B-4B60-8238-F0A9401BFCCD} = {B0C836F0-FED0-4683-B5BF-6458980B36EB}
		{9B4C8AB1-1307-4F34-B73F-83127813CD99} = {8689C87F-C3E6-4CAF-B2E9-D8F833463D0B}
	EndGlobalSection
	GlobalSection(ProjectConfigurationPlatforms) = postSolution
		{675FEA4B-4BB1-413F-AF4A-0E95FE373A7C}.Debug|Any CPU.ActiveCfg = Debug|Any CPU
		{675FEA4B-4BB1-413F-AF4A-0E95FE373A7C}.Debug|Any CPU.Build.0 = Debug|Any CPU
		{675FEA4B-4BB1-413F-AF4A-0E95FE373A7C}.Release|Any CPU.ActiveCfg = Release|Any CPU
		{675FEA4B-4BB1-413F-AF4A-0E95FE373A7C}.Release|Any CPU.Build.0 = Release|Any CPU
		{26CF267B-92D1-4CAF-B97F-0B387AC41D24}.Debug|Any CPU.ActiveCfg = Debug|Any CPU
		{26CF267B-92D1-4CAF-B97F-0B387AC41D24}.Debug|Any CPU.Build.0 = Debug|Any CPU
		{26CF267B-92D1-4CAF-B97F-0B387AC41D24}.Release|Any CPU.ActiveCfg = Release|Any CPU
		{26CF267B-92D1-4CAF-B97F-0B387AC41D24}.Release|Any CPU.Build.0 = Release|Any CPU
		{8B9E2B62-D8BF-486C-82C9-45A31AC62803}.Debug|Any CPU.ActiveCfg = Debug|Any CPU
		{8B9E2B62-D8BF-486C-82C9-45A31AC62803}.Debug|Any CPU.Build.0 = Debug|Any CPU
		{8B9E2B62-D8BF-486C-82C9-45A31AC62803}.Release|Any CPU.ActiveCfg = Release|Any CPU
		{8B9E2B62-D8BF-486C-82C9-45A31AC62803}.Release|Any CPU.Build.0 = Release|Any CPU
		{57345A06-D239-4408-98EE-C0345128CCA5}.Debug|Any CPU.ActiveCfg = Debug|Any CPU
		{57345A06-D239-4408-98EE-C0345128CCA5}.Debug|Any CPU.Build.0 = Debug|Any CPU
		{57345A06-D239-4408-98EE-C0345128CCA5}.Release|Any CPU.ActiveCfg = Release|Any CPU
		{57345A06-D239-4408-98EE-C0345128CCA5}.Release|Any CPU.Build.0 = Release|Any CPU
		{7EFECC95-1C8B-4B60-8238-F0A9401BFCCD}.Debug|Any CPU.ActiveCfg = Debug|Any CPU
		{7EFECC95-1C8B-4B60-8238-F0A9401BFCCD}.Debug|Any CPU.Build.0 = Debug|Any CPU
		{7EFECC95-1C8B-4B60-8238-F0A9401BFCCD}.Release|Any CPU.ActiveCfg = Release|Any CPU
		{7EFECC95-1C8B-4B60-8238-F0A9401BFCCD}.Release|Any CPU.Build.0 = Release|Any CPU
		{9B4C8AB1-1307-4F34-B73F-83127813CD99}.Debug|Any CPU.ActiveCfg = Debug|Any CPU
		{9B4C8AB1-1307-4F34-B73F-83127813CD99}.Debug|Any CPU.Build.0 = Debug|Any CPU
		{9B4C8AB1-1307-4F34-B73F-83127813CD99}.Release|Any CPU.ActiveCfg = Release|Any CPU
		{9B4C8AB1-1307-4F34-B73F-83127813CD99}.Release|Any CPU.Build.0 = Release|Any CPU
	EndGlobalSection
EndGlobal
